
Microsoft Visual Studio Solution File, Format Version 12.00
# Visual Studio Version 16
VisualStudioVersion = 16.0.31624.102
MinimumVisualStudioVersion = 10.0.40219.1
Project("{FAE04EC0-301F-11D3-BF4B-00C04F79EFBC}") = "WindowsFormsApp1", "WindowsFormsApp1\WindowsFormsApp1.csproj", "{C0503470-520A-4B7E-9AB1-99955150B1D1}"
EndProject
Global
	GlobalSection(SolutionConfigurationPlatforms) = preSolution
		Debug|Any CPU = Debug|Any CPU
		Release|Any CPU = Release|Any CPU
	EndGlobalSection
	GlobalSection(ProjectConfigurationPlatforms) = postSolution
		{C0503470-520A-4B7E-9AB1-99955150B1D1}.Debug|Any CPU.ActiveCfg = Debug|Any CPU
		{C0503470-520A-4B7E-9AB1-99955150B1D1}.Debug|Any CPU.Build.0 = Debug|Any CPU
		{C0503470-520A-4B7E-9AB1-99955150B1D1}.Release|Any CPU.ActiveCfg = Release|Any CPU
		{C0503470-520A-4B7E-9AB1-99955150B1D1}.Release|Any CPU.Build.0 = Release|Any CPU
	EndGlobalSection
	GlobalSection(SolutionProperties) = preSolution
		HideSolutionNode = FALSE
	EndGlobalSection
	GlobalSection(ExtensibilityGlobals) = postSolution
		SolutionGuid = {26895DA3-701F-409D-88BB-1394CD27E2D9}
	EndGlobalSection
EndGlobal
